<?xml version="1.0" encoding="utf-8"?>
<Project ToolsVersion="4.0" xmlns="http://schemas.microsoft.com/developer/msbuild/2003">
  <ItemGroup>
    <ClCompile Include="source\theme_system.cpp" />
    <ClCompile Include="source\path_resolver.cpp" />
    <ClCompile Include="source\settings_store.cpp" />
  </ItemGroup>
  <ItemGroup>
    <ClInclude Include="source\conflict_types.hpp" />
    <ClInclude Include="source\theme_system.hpp" />
    <ClInclude Include="source\path_resolver.hpp" />
    <ClInclude Include="source\settings_store.hpp" />
  </ItemGroup>
</Project>
