
Microsoft Visual Studio Solution File, Format Version 12.00
# Visual Studio Version 18
VisualStudioVersion = 18.6.11822.322 stable
MinimumVisualStudioVersion = 10.0.40219.1
Project("{8BC9CEB8-8B4A-11D0-8D11-00A0C91BC942}") = "yampt.core", "yampt.core\yampt.core.vcxproj", "{9F1F5DCD-D3E1-4FDB-A9C7-62C307ED1E21}"
EndProject
Project("{8BC9CEB8-8B4A-11D0-8D11-00A0C91BC942}") = "yampt.tests", "yampt.tests\yampt.tests.vcxproj", "{BAE19CC8-6C1F-4232-8AB6-E5B5F204FE75}"
EndProject
Project("{8BC9CEB8-8B4A-11D0-8D11-00A0C91BC942}") = "yampt.translator", "yampt.translator\yampt.translator.vcxproj", "{A1B2C3D4-E5F6-7890-ABCD-EF1234567890}"
EndProject
Project("{8BC9CEB8-8B4A-11D0-8D11-00A0C91BC942}") = "yampt.editor", "yampt.editor\yampt.editor.vcxproj", "{B2C3D4E5-F6A7-8901-BCDE-F12345678901}"
EndProject
Project("{8BC9CEB8-8B4A-11D0-8D11-00A0C91BC942}") = "yampt.cli", "yampt.cli\yampt.cli.vcxproj", "{C3D4E5F6-A7B8-9012-CDEF-234567890ABC}"
EndProject
Global
	GlobalSection(SolutionConfigurationPlatforms) = preSolution
		Debug|x64 = Debug|x64
		Debug|x86 = Debug|x86
		Release|x64 = Release|x64
		Release|x86 = Release|x86
	EndGlobalSection
	GlobalSection(ProjectConfigurationPlatforms) = postSolution
		{9F1F5DCD-D3E1-4FDB-A9C7-62C307ED1E21}.Debug|x64.ActiveCfg = Debug|x64
		{9F1F5DCD-D3E1-4FDB-A9C7-62C307ED1E21}.Debug|x64.Build.0 = Debug|x64
		{9F1F5DCD-D3E1-4FDB-A9C7-62C307ED1E21}.Debug|x86.ActiveCfg = Debug|Win32
		{9F1F5DCD-D3E1-4FDB-A9C7-62C307ED1E21}.Debug|x86.Build.0 = Debug|Win32
		{9F1F5DCD-D3E1-4FDB-A9C7-62C307ED1E21}.Release|x64.ActiveCfg = Release|x64
		{9F1F5DCD-D3E1-4FDB-A9C7-62C307ED1E21}.Release|x64.Build.0 = Release|x64
		{9F1F5DCD-D3E1-4FDB-A9C7-62C307ED1E21}.Release|x86.ActiveCfg = Release|Win32
		{9F1F5DCD-D3E1-4FDB-A9C7-62C307ED1E21}.Release|x86.Build.0 = Release|Win32
		{BAE19CC8-6C1F-4232-8AB6-E5B5F204FE75}.Debug|x64.ActiveCfg = Debug|x64
		{BAE19CC8-6C1F-4232-8AB6-E5B5F204FE75}.Debug|x64.Build.0 = Debug|x64
		{BAE19CC8-6C1F-4232-8AB6-E5B5F204FE75}.Debug|x86.ActiveCfg = Debug|Win32
		{BAE19CC8-6C1F-4232-8AB6-E5B5F204FE75}.Debug|x86.Build.0 = Debug|Win32
		{BAE19CC8-6C1F-4232-8AB6-E5B5F204FE75}.Release|x64.ActiveCfg = Release|x64
		{BAE19CC8-6C1F-4232-8AB6-E5B5F204FE75}.Release|x64.Build.0 = Release|x64
		{BAE19CC8-6C1F-4232-8AB6-E5B5F204FE75}.Release|x86.ActiveCfg = Release|Win32
		{BAE19CC8-6C1F-4232-8AB6-E5B5F204FE75}.Release|x86.Build.0 = Release|Win32
		{A1B2C3D4-E5F6-7890-ABCD-EF1234567890}.Debug|x64.ActiveCfg = Debug|x64
		{A1B2C3D4-E5F6-7890-ABCD-EF1234567890}.Debug|x64.Build.0 = Debug|x64
		{A1B2C3D4-E5F6-7890-ABCD-EF1234567890}.Debug|x86.ActiveCfg = Debug|Win32
		{A1B2C3D4-E5F6-7890-ABCD-EF1234567890}.Debug|x86.Build.0 = Debug|Win32
		{A1B2C3D4-E5F6-7890-ABCD-EF1234567890}.Release|x64.ActiveCfg = Release|x64
		{A1B2C3D4-E5F6-7890-ABCD-EF1234567890}.Release|x64.Build.0 = Release|x64
		{A1B2C3D4-E5F6-7890-ABCD-EF1234567890}.Release|x86.ActiveCfg = Release|Win32
		{A1B2C3D4-E5F6-7890-ABCD-EF1234567890}.Release|x86.Build.0 = Release|Win32
		{B2C3D4E5-F6A7-8901-BCDE-F12345678901}.Debug|x64.ActiveCfg = Debug|x64
		{B2C3D4E5-F6A7-8901-BCDE-F12345678901}.Debug|x64.Build.0 = Debug|x64
		{B2C3D4E5-F6A7-8901-BCDE-F12345678901}.Debug|x86.ActiveCfg = Debug|Win32
		{B2C3D4E5-F6A7-8901-BCDE-F12345678901}.Debug|x86.Build.0 = Debug|Win32
		{B2C3D4E5-F6A7-8901-BCDE-F12345678901}.Release|x64.ActiveCfg = Release|x64
		{B2C3D4E5-F6A7-8901-BCDE-F12345678901}.Release|x64.Build.0 = Release|x64
		{B2C3D4E5-F6A7-8901-BCDE-F12345678901}.Release|x86.ActiveCfg = Release|Win32
		{B2C3D4E5-F6A7-8901-BCDE-F12345678901}.Release|x86.Build.0 = Release|Win32
		{C3D4E5F6-A7B8-9012-CDEF-234567890ABC}.Debug|x64.ActiveCfg = Debug|x64
		{C3D4E5F6-A7B8-9012-CDEF-234567890ABC}.Debug|x64.Build.0 = Debug|x64
		{C3D4E5F6-A7B8-9012-CDEF-234567890ABC}.Debug|x86.ActiveCfg = Debug|Win32
		{C3D4E5F6-A7B8-9012-CDEF-234567890ABC}.Debug|x86.Build.0 = Debug|Win32
		{C3D4E5F6-A7B8-9012-CDEF-234567890ABC}.Release|x64.ActiveCfg = Release|x64
		{C3D4E5F6-A7B8-9012-CDEF-234567890ABC}.Release|x64.Build.0 = Release|x64
		{C3D4E5F6-A7B8-9012-CDEF-234567890ABC}.Release|x86.ActiveCfg = Release|Win32
		{C3D4E5F6-A7B8-9012-CDEF-234567890ABC}.Release|x86.Build.0 = Release|Win32
	EndGlobalSection
	GlobalSection(SolutionProperties) = preSolution
		HideSolutionNode = FALSE
	EndGlobalSection
	GlobalSection(ExtensibilityGlobals) = postSolution
		SolutionGuid = {8D42A182-FCDD-4B70-9A63-545D5B7D1F0C}
	EndGlobalSection
EndGlobal
