<?xml version="1.0" encoding="utf-8"?>
<Project ToolsVersion="4.0" xmlns="http://schemas.microsoft.com/developer/msbuild/2003">
  <ItemGroup>
    <Filter Include="yampt">
      <UniqueIdentifier>{C1000001-0000-0000-0000-000000000001}</UniqueIdentifier>
    </Filter>
    <Filter Include="external">
      <UniqueIdentifier>{C1000002-0000-0000-0000-000000000002}</UniqueIdentifier>
    </Filter>
    <Filter Include="external\imgui">
      <UniqueIdentifier>{C1000003-0000-0000-0000-000000000003}</UniqueIdentifier>
    </Filter>
  </ItemGroup>
  <ItemGroup>
    <ClCompile Include="tests.main.cpp" />
    <ClCompile Include="tests.tools.cpp" />
    <ClCompile Include="tests.file_list.cpp" />
    <ClCompile Include="tests.dict_reader.cpp" />
    <ClCompile Include="tests.dict_writer.cpp" />
    <ClCompile Include="tests.dict_merger.cpp" />
    <ClCompile Include="tests.integration.cpp" />
    <ClCompile Include="tests.script_parser.cpp" />
    <ClCompile Include="..\yampt\tools.cpp">
      <Filter>yampt</Filter>
    </ClCompile>
    <ClCompile Include="..\yampt\dict_reader.cpp">
      <Filter>yampt</Filter>
    </ClCompile>
    <ClCompile Include="..\yampt\dict_writer.cpp">
      <Filter>yampt</Filter>
    </ClCompile>
    <ClCompile Include="..\yampt\dict_merger.cpp">
      <Filter>yampt</Filter>
    </ClCompile>
    <ClCompile Include="..\yampt\dict_creator.cpp">
      <Filter>yampt</Filter>
    </ClCompile>
    <ClCompile Include="..\yampt\dict_creator_single.cpp">
      <Filter>yampt</Filter>
    </ClCompile>
    <ClCompile Include="..\yampt\dict_creator_base.cpp">
      <Filter>yampt</Filter>
    </ClCompile>
    <ClCompile Include="..\yampt\dict_creator_base_ordered.cpp">
      <Filter>yampt</Filter>
    </ClCompile>
    <ClCompile Include="..\yampt\esm_reader.cpp">
      <Filter>yampt</Filter>
    </ClCompile>
    <ClCompile Include="..\yampt\script_parser.cpp">
      <Filter>yampt</Filter>
    </ClCompile>
    <ClCompile Include="..\external\imgui\imgui.cpp">
      <Filter>external\imgui</Filter>
    </ClCompile>
    <ClCompile Include="..\external\imgui\imgui_draw.cpp">
      <Filter>external\imgui</Filter>
    </ClCompile>
    <ClCompile Include="..\external\imgui\imgui_tables.cpp">
      <Filter>external\imgui</Filter>
    </ClCompile>
    <ClCompile Include="..\external\imgui\imgui_widgets.cpp">
      <Filter>external\imgui</Filter>
    </ClCompile>
    <ClCompile Include="..\external\yyjson.c">
      <Filter>external</Filter>
    </ClCompile>
    <ClCompile Include="..\yampt\esm_converter.cpp">
      <Filter>yampt</Filter>
    </ClCompile>
  </ItemGroup>
  <ItemGroup>
    <ClInclude Include="..\yampt\tools.hpp">
      <Filter>yampt</Filter>
    </ClInclude>
    <ClInclude Include="..\yampt\codepage.hpp">
      <Filter>yampt</Filter>
    </ClInclude>
    <ClInclude Include="..\yampt\dict_kind.hpp">
      <Filter>yampt</Filter>
    </ClInclude>
    <ClInclude Include="..\yampt\dict_reader.hpp">
      <Filter>yampt</Filter>
    </ClInclude>
    <ClInclude Include="..\yampt\dict_writer.hpp">
      <Filter>yampt</Filter>
    </ClInclude>
    <ClInclude Include="..\yampt\dict_merger.hpp">
      <Filter>yampt</Filter>
    </ClInclude>
    <ClInclude Include="..\yampt\dict_creator.hpp">
      <Filter>yampt</Filter>
    </ClInclude>
    <ClInclude Include="..\yampt\esm_reader.hpp">
      <Filter>yampt</Filter>
    </ClInclude>
    <ClInclude Include="..\yampt\esm_converter.hpp">
      <Filter>yampt</Filter>
    </ClInclude>
    <ClInclude Include="..\yampt\script_parser.hpp">
      <Filter>yampt</Filter>
    </ClInclude>
    <ClInclude Include="..\yampt\json_reader.hpp">
      <Filter>yampt</Filter>
    </ClInclude>
    <ClInclude Include="..\external\catch.hpp">
      <Filter>external</Filter>
    </ClInclude>
    <ClInclude Include="..\external\yyjson.h">
      <Filter>external</Filter>
    </ClInclude>
  </ItemGroup>
  <ItemGroup>
    <None Include="cpp.hint" />
  </ItemGroup>
</Project>