<?xml version="1.0" encoding="utf-8"?>
<Project ToolsVersion="4.0" xmlns="http://schemas.microsoft.com/developer/msbuild/2003">
  <ItemGroup>
    <Filter Include="yampt">
      <UniqueIdentifier>{C1000001-0000-0000-0000-000000000001}</UniqueIdentifier>
    </Filter>
  </ItemGroup>
  <ItemGroup>
    <ClCompile Include="tests.main.cpp" />
    <ClCompile Include="tests.tools.cpp" />
    <ClCompile Include="tests.file_list.cpp" />
    <ClCompile Include="tests.dict_reader.cpp" />
    <ClCompile Include="tests.dict_writer.cpp" />
    <ClCompile Include="tests.dict_merger.cpp" />
    <ClCompile Include="tests.dict_creator.cpp" />
    <ClCompile Include="tests.codepage.cpp" />
    <ClCompile Include="tests.script_parser.cpp" />
    <ClCompile Include="tests.conflict_compute.cpp" />
    <ClCompile Include="tests.conflict_slots.cpp" />
    <ClCompile Include="tests.document.cpp" />
    <ClCompile Include="tests.esm_reader.cpp" />
    <ClCompile Include="tests.esm_converter.cpp" />
    <ClCompile Include="tests.script_parser_scdt.cpp" />
    <ClCompile Include="tests.dict_creator_ordering.cpp" />
    <ClCompile Include="tests.editor_config.cpp" />
    <ClCompile Include="tests.annotation_manager.cpp" />
    <ClCompile Include="tests.table_builder.cpp" />
    <ClCompile Include="tests.session.cpp" />
    <ClCompile Include="tests.find_replace_service.cpp" />
    <ClCompile Include="tests.sidebar_model.cpp" />
    <ClCompile Include="tests.yaml_l10n_reader.cpp" />
    <ClCompile Include="tests.editor_tab_parsing.cpp" />
    <ClCompile Include="..\yampt.translator\controller\editor_config.cpp" />
    <ClCompile Include="..\yampt.translator\model\table_builder.cpp" />
    <ClCompile Include="..\yampt.translator\controller\search_engine.cpp" />
    <ClCompile Include="..\yampt.translator\controller\annotation_manager.cpp" />
    <ClCompile Include="..\yampt\utility\tools.cpp">
      <Filter>yampt</Filter>
    </ClCompile>
    <ClCompile Include="..\yampt\io\dict_reader.cpp">
      <Filter>yampt</Filter>
    </ClCompile>
    <ClCompile Include="..\yampt\io\dict_writer.cpp">
      <Filter>yampt</Filter>
    </ClCompile>
    <ClCompile Include="..\yampt\model\dict_merger.cpp">
      <Filter>yampt</Filter>
    </ClCompile>
    <ClCompile Include="..\yampt\model\dict_creator.cpp">
      <Filter>yampt</Filter>
    </ClCompile>
    <ClCompile Include="..\yampt\model\dict_creator_single.cpp">
      <Filter>yampt</Filter>
    </ClCompile>
    <ClCompile Include="..\yampt\model\dict_creator_base.cpp">
      <Filter>yampt</Filter>
    </ClCompile>
    <ClCompile Include="..\yampt\model\dict_creator_base_ordered.cpp">
      <Filter>yampt</Filter>
    </ClCompile>
    <ClCompile Include="..\yampt\io\esm_reader.cpp">
      <Filter>yampt</Filter>
    </ClCompile>
    <ClCompile Include="..\yampt\model\script_parser.cpp">
      <Filter>yampt</Filter>
    </ClCompile>
    <ClCompile Include="..\yampt\model\esm_converter.cpp">
      <Filter>yampt</Filter>
    </ClCompile>
    <ClCompile Include="..\yampt\io\codepage.cpp">
      <Filter>yampt</Filter>
    </ClCompile>
    <ClCompile Include="..\yampt\model\translation_engine.cpp">
      <Filter>yampt</Filter>
    </ClCompile>
    <ClCompile Include="..\yampt\io\file_list.cpp">
      <Filter>yampt</Filter>
    </ClCompile>
    <ClCompile Include="..\yampt\plugin_scan\conflict_compute.cpp">
      <Filter>yampt</Filter>
    </ClCompile>
    <ClCompile Include="..\yampt\plugin_scan\conflict_slots.cpp">
      <Filter>yampt</Filter>
    </ClCompile>
    <ClCompile Include="..\yampt.translator\model\dict_document.cpp" />
    <ClCompile Include="..\yampt.translator\model\yaml_document.cpp" />
    <ClCompile Include="..\yampt.translator\io\yaml_l10n_reader.cpp" />
    <ClCompile Include="..\yampt.translator\io\yaml_l10n_writer.cpp" />
    <ClCompile Include="..\yampt.translator\model\sidebar_model.cpp" />
    <ClCompile Include="..\yampt.translator\utility\display_name.cpp" />
    <ClCompile Include="..\yampt.translator\session.cpp" />
  </ItemGroup>
  <ItemGroup>
    <ClInclude Include="..\yampt\utility\tools.hpp">
      <Filter>yampt</Filter>
    </ClInclude>
    <ClInclude Include="..\yampt\io\codepage.hpp">
      <Filter>yampt</Filter>
    </ClInclude>
    <ClInclude Include="..\yampt\model\dict_kind.hpp">
      <Filter>yampt</Filter>
    </ClInclude>
    <ClInclude Include="..\yampt\io\dict_reader.hpp">
      <Filter>yampt</Filter>
    </ClInclude>
    <ClInclude Include="..\yampt\io\dict_writer.hpp">
      <Filter>yampt</Filter>
    </ClInclude>
    <ClInclude Include="..\yampt\model\dict_merger.hpp">
      <Filter>yampt</Filter>
    </ClInclude>
    <ClInclude Include="..\yampt\model\dict_creator.hpp">
      <Filter>yampt</Filter>
    </ClInclude>
    <ClInclude Include="..\yampt\io\esm_reader.hpp">
      <Filter>yampt</Filter>
    </ClInclude>
    <ClInclude Include="..\yampt\model\esm_converter.hpp">
      <Filter>yampt</Filter>
    </ClInclude>
    <ClInclude Include="..\yampt\model\script_parser.hpp">
      <Filter>yampt</Filter>
    </ClInclude>
    <ClInclude Include="..\yampt\io\json_reader.hpp">
      <Filter>yampt</Filter>
    </ClInclude>
    <ClInclude Include="..\yampt\io\file_list.hpp">
      <Filter>yampt</Filter>
    </ClInclude>
    <ClInclude Include="..\yampt.translator\controller\editor_config.hpp" />
    <ClInclude Include="..\yampt.translator\controller\annotation_manager.hpp" />
    <ClInclude Include="..\yampt.translator\model\sidebar_model.hpp" />
    <ClInclude Include="..\yampt.translator\session.hpp" />
  </ItemGroup>
  <ItemGroup>
    <None Include="cpp.hint" />
  </ItemGroup>
</Project>
