<?xml version="1.0" encoding="utf-8"?>
<Project ToolsVersion="4.0" xmlns="http://schemas.microsoft.com/developer/msbuild/2003">
  <ItemGroup>
    <Filter Include="yampt">
      <UniqueIdentifier>{A1000001-0000-0000-0000-000000000001}</UniqueIdentifier>
    </Filter>
    <Filter Include="external">
      <UniqueIdentifier>{A1000002-0000-0000-0000-000000000002}</UniqueIdentifier>
    </Filter>
    <Filter Include="external\imgui">
      <UniqueIdentifier>{A1000003-0000-0000-0000-000000000003}</UniqueIdentifier>
    </Filter>
    <Filter Include="external\imgui\backends">
      <UniqueIdentifier>{A1000004-0000-0000-0000-000000000004}</UniqueIdentifier>
    </Filter>
  </ItemGroup>
  <ItemGroup>
    <ClCompile Include="main.cpp" />
    <ClCompile Include="editor_app.cpp" />
    <ClCompile Include="editor_config.cpp" />
    <ClCompile Include="dict_workspace.cpp" />
    <ClCompile Include="search_manager.cpp" />
    <ClCompile Include="validation_manager.cpp" />
    <ClCompile Include="history_manager.cpp" />
    <ClCompile Include="syntax_highlighter.cpp" />
    <ClCompile Include="annotation_manager.cpp" />
    <ClCompile Include="encoding_utils.cpp" />
    <ClCompile Include="spell_checker.cpp" />
    <ClCompile Include="..\yampt\translation_engine.cpp">
      <Filter>yampt</Filter>
    </ClCompile>
    <ClCompile Include="..\yampt\tools.cpp">
      <Filter>yampt</Filter>
    </ClCompile>
    <ClCompile Include="..\yampt\dict_reader.cpp">
      <Filter>yampt</Filter>
    </ClCompile>
    <ClCompile Include="..\yampt\dict_writer.cpp">
      <Filter>yampt</Filter>
    </ClCompile>
    <ClCompile Include="..\yampt\dict_creator.cpp">
      <Filter>yampt</Filter>
    </ClCompile>
    <ClCompile Include="..\yampt\dict_creator_single.cpp">
      <Filter>yampt</Filter>
    </ClCompile>
    <ClCompile Include="..\yampt\dict_creator_base.cpp">
      <Filter>yampt</Filter>
    </ClCompile>
    <ClCompile Include="..\yampt\dict_creator_base_ordered.cpp">
      <Filter>yampt</Filter>
    </ClCompile>
    <ClCompile Include="..\yampt\esm_reader.cpp">
      <Filter>yampt</Filter>
    </ClCompile>
    <ClCompile Include="..\yampt\esm_converter.cpp">
      <Filter>yampt</Filter>
    </ClCompile>
    <ClCompile Include="..\yampt\script_parser.cpp">
      <Filter>yampt</Filter>
    </ClCompile>
    <ClCompile Include="..\external\imgui\imgui.cpp">
      <Filter>external\imgui</Filter>
    </ClCompile>
    <ClCompile Include="..\external\imgui\imgui_demo.cpp">
      <Filter>external\imgui</Filter>
    </ClCompile>
    <ClCompile Include="..\external\imgui\imgui_draw.cpp">
      <Filter>external\imgui</Filter>
    </ClCompile>
    <ClCompile Include="..\external\imgui\imgui_tables.cpp">
      <Filter>external\imgui</Filter>
    </ClCompile>
    <ClCompile Include="..\external\imgui\imgui_widgets.cpp">
      <Filter>external\imgui</Filter>
    </ClCompile>
    <ClCompile Include="..\external\imgui\backends\imgui_impl_sdl2.cpp">
      <Filter>external\imgui\backends</Filter>
    </ClCompile>
    <ClCompile Include="..\external\imgui\backends\imgui_impl_opengl3.cpp">
      <Filter>external\imgui\backends</Filter>
    </ClCompile>
    <ClCompile Include="..\external\yyjson.c">
      <Filter>external</Filter>
    </ClCompile>
  </ItemGroup>
  <ItemGroup>
    <ClInclude Include="dict_workspace.hpp" />
    <ClInclude Include="..\yampt\translation_engine.hpp">
      <Filter>yampt</Filter>
    </ClInclude>
    <ClInclude Include="..\yampt\tools.hpp">
      <Filter>yampt</Filter>
    </ClInclude>
    <ClInclude Include="..\yampt\dict_reader.hpp">
      <Filter>yampt</Filter>
    </ClInclude>
    <ClInclude Include="..\yampt\dict_writer.hpp">
      <Filter>yampt</Filter>
    </ClInclude>
    <ClInclude Include="..\yampt\dict_creator.hpp">
      <Filter>yampt</Filter>
    </ClInclude>
    <ClInclude Include="..\yampt\esm_reader.hpp">
      <Filter>yampt</Filter>
    </ClInclude>
    <ClInclude Include="..\yampt\esm_converter.hpp">
      <Filter>yampt</Filter>
    </ClInclude>
    <ClInclude Include="..\yampt\script_parser.hpp">
      <Filter>yampt</Filter>
    </ClInclude>
    <ClInclude Include="..\yampt\includes.hpp">
      <Filter>yampt</Filter>
    </ClInclude>
    <ClInclude Include="..\yampt\json_reader.hpp">
      <Filter>yampt</Filter>
    </ClInclude>
    <ClInclude Include="..\external\imgui\imgui.h">
      <Filter>external\imgui</Filter>
    </ClInclude>
    <ClInclude Include="..\external\imgui\imconfig.h">
      <Filter>external\imgui</Filter>
    </ClInclude>
    <ClInclude Include="..\external\imgui\imgui_internal.h">
      <Filter>external\imgui</Filter>
    </ClInclude>
    <ClInclude Include="..\external\imgui\imstb_rectpack.h">
      <Filter>external\imgui</Filter>
    </ClInclude>
    <ClInclude Include="..\external\imgui\imstb_textedit.h">
      <Filter>external\imgui</Filter>
    </ClInclude>
    <ClInclude Include="..\external\imgui\imstb_truetype.h">
      <Filter>external\imgui</Filter>
    </ClInclude>
    <ClInclude Include="..\external\imgui\backends\imgui_impl_sdl2.h">
      <Filter>external\imgui\backends</Filter>
    </ClInclude>
    <ClInclude Include="..\external\imgui\backends\imgui_impl_opengl3.h">
      <Filter>external\imgui\backends</Filter>
    </ClInclude>
    <ClInclude Include="..\external\yyjson.h">
      <Filter>external</Filter>
    </ClInclude>
  </ItemGroup>
</Project>
