<?xml version="1.0" encoding="utf-8"?>
<Project ToolsVersion="4.0" xmlns="http://schemas.microsoft.com/developer/msbuild/2003">
  <ItemGroup>
    <ClCompile Include="source\utility\tools.cpp" />
    <ClCompile Include="source\io\codepage.cpp" />
    <ClCompile Include="source\io\dict_reader.cpp" />
    <ClCompile Include="source\io\dict_writer.cpp" />
    <ClCompile Include="source\io\esm_reader.cpp" />
    <ClCompile Include="source\io\eet_reader.cpp" />
    <ClCompile Include="source\io\eet_converter.cpp" />
    <ClCompile Include="source\io\file_list.cpp" />
    <ClCompile Include="source\creator\cell_matcher.cpp" />
    <ClCompile Include="source\creator\dial_matcher.cpp" />
    <ClCompile Include="source\creator\dict_creator.cpp" />
    <ClCompile Include="source\creator\dict_creator_single.cpp" />
    <ClCompile Include="source\creator\dict_creator_base.cpp" />
    <ClCompile Include="source\creator\dict_creator_base_ordered.cpp" />
    <ClCompile Include="source\creator\text_match_index.cpp" />
    <ClCompile Include="source\creator\word_match_utils.cpp" />
    <ClCompile Include="source\merger\dict_merger.cpp" />
    <ClCompile Include="source\converter\esm_converter.cpp" />
    <ClCompile Include="source\converter\esm_converter_records.cpp" />
    <ClCompile Include="source\converter\script_parser.cpp" />
    <ClCompile Include="source\converter\scdt_patcher.cpp" />
    <ClCompile Include="source\translator\translation_engine.cpp" />
    <ClCompile Include="source\utility\char_diff.cpp" />
    <ClCompile Include="source\utility\keyword_trie.cpp" />
    <ClCompile Include="source\utility\record_behavior.cpp" />
    <ClCompile Include="source\io\profile_reader.cpp" />
    <ClCompile Include="source\scanner\sub_record_merge.cpp" />
    <ClCompile Include="source\scanner\merge_patch_ops.cpp" />
    <ClCompile Include="source\scanner\fog_fixer.cpp" />
    <ClCompile Include="source\scanner\summon_fixer.cpp" />
    <ClCompile Include="source\scanner\cell_name_fixer.cpp" />
    <ClCompile Include="source\scanner\record_conflict.cpp" />
    <ClCompile Include="source\scanner\auto_merge.cpp" />
    <ClCompile Include="source\decoder\sub_record_schema.cpp" />
    <ClCompile Include="source\decoder\view_group_def.cpp" />
    <ClCompile Include="source\decoder\content_alignment.cpp" />
    <ClCompile Include="source\decoder\view_tree_format.cpp" />
    <ClCompile Include="source\decoder\conflict_slots.cpp" />
    <ClCompile Include="source\decoder\conflict_slots_cell.cpp" />
    <ClCompile Include="source\scanner\plugin_index.cpp" />
    <ClCompile Include="source\scanner\plugin_scan.cpp" />
  </ItemGroup>
  <ItemGroup>
    <ClInclude Include="source\utility\tools.hpp" />
    <ClInclude Include="source\utility\includes.hpp" />
    <ClInclude Include="source\utility\string_utils.hpp" />
    <ClInclude Include="source\utility\record_types.hpp" />
    <ClInclude Include="source\utility\status_types.hpp" />
    <ClInclude Include="source\utility\char_diff.hpp" />
    <ClInclude Include="source\utility\keyword_trie.hpp" />
    <ClInclude Include="source\utility\record_behavior.hpp" />
    <ClInclude Include="source\io\codepage.hpp" />
    <ClInclude Include="source\io\dict_reader.hpp" />
    <ClInclude Include="source\io\dict_writer.hpp" />
    <ClInclude Include="source\io\esm_reader.hpp" />
    <ClInclude Include="source\io\eet_reader.hpp" />
    <ClInclude Include="source\io\eet_converter.hpp" />
    <ClInclude Include="source\io\json_reader.hpp" />
    <ClInclude Include="source\io\file_list.hpp" />
    <ClInclude Include="source\utility\dict_kind.hpp" />
    <ClInclude Include="source\creator\cell_matcher.hpp" />
    <ClInclude Include="source\creator\dial_matcher.hpp" />
    <ClInclude Include="source\creator\dict_creator.hpp" />
    <ClInclude Include="source\creator\text_match_index.hpp" />
    <ClInclude Include="source\creator\word_match_utils.hpp" />
    <ClInclude Include="source\merger\dict_merger.hpp" />
    <ClInclude Include="source\converter\esm_converter.hpp" />
    <ClInclude Include="source\converter\script_parser.hpp" />
    <ClInclude Include="source\converter\scdt_patcher.hpp" />
    <ClInclude Include="source\translator\translation_engine.hpp" />
    <ClInclude Include="source\scanner\record_conflict.hpp" />
    <ClInclude Include="source\scanner\dial_info_align.hpp" />
    <ClInclude Include="source\scanner\conflict_enums.hpp" />
    <ClInclude Include="source\scanner\sub_record_merge.hpp" />
    <ClInclude Include="source\scanner\merge_patch_ops.hpp" />
    <ClInclude Include="source\decoder\conflict_slots.hpp" />
    <ClInclude Include="source\decoder\conflict_slots_cell.hpp" />
    <ClInclude Include="source\scanner\plugin_index.hpp" />
    <ClInclude Include="source\scanner\plugin_scan.hpp" />
    <ClInclude Include="source\decoder\sub_record_iter.hpp" />
    <ClInclude Include="source\decoder\sub_record_schema.hpp" />
    <ClInclude Include="source\decoder\view_group_def.hpp" />
    <ClInclude Include="source\decoder\content_alignment.hpp" />
    <ClInclude Include="source\decoder\view_tree_format.hpp" />
    <ClInclude Include="source\io\profile_reader.hpp" />
    <ClInclude Include="source\utility\theme_enums.hpp" />
    <ClInclude Include="source\utility\color_palette.hpp" />
    <ClInclude Include="source\scanner\fog_fixer.hpp" />
    <ClInclude Include="source\scanner\summon_fixer.hpp" />
    <ClInclude Include="source\scanner\cell_name_fixer.hpp" />
    <ClInclude Include="source\scanner\auto_merge.hpp" />
  </ItemGroup>
</Project>
