<?xml version="1.0" encoding="utf-8"?>
<Project ToolsVersion="4.0" xmlns="http://schemas.microsoft.com/developer/msbuild/2003">
  <ItemGroup>
    <ClCompile Include="source\main.cpp" />
    <ClCompile Include="source\main_window.cpp" />
    <ClCompile Include="source\main_window_setup.cpp" />
    <ClCompile Include="source\session\session.cpp" />
    <ClCompile Include="source\model\record_table_model.cpp" />
    <ClCompile Include="source\model\sidebar_model.cpp" />
    <ClCompile Include="source\model\dict_document.cpp" />
    <ClCompile Include="source\model\yaml_document.cpp" />
    <ClCompile Include="source\model\table_builder.cpp" />
    <ClCompile Include="source\view\record_table_view.cpp" />
    <ClCompile Include="source\view\table_view.cpp" />
    <ClCompile Include="source\view\sidebar_view.cpp" />
    <ClCompile Include="source\view\editor_view.cpp" />
    <ClCompile Include="source\view\translation_edit_view.cpp" />
    <ClCompile Include="source\view\line_number_gutter.cpp" />
    <ClCompile Include="source\view\annotations_view.cpp" />
    <ClCompile Include="source\view\history_view.cpp" />
    <ClCompile Include="source\view\log_view.cpp" />
    <ClCompile Include="source\view\book_preview_view.cpp" />
    <ClCompile Include="source\view\validation_view.cpp" />
    <ClCompile Include="source\view\filter_tree_view.cpp" />
    <ClCompile Include="source\view\status_filter_view.cpp" />
    <ClCompile Include="source\view\translation_suggestion_view.cpp" />
    <ClCompile Include="source\controller\editor_controller.cpp" />
    <ClCompile Include="source\controller\record_display_controller.cpp" />
    <ClCompile Include="source\editor\row_filter.cpp" />
    <ClCompile Include="source\editor\byte_limit_validator.cpp" />
    <ClCompile Include="source\editor\commit_orchestrator.cpp" />
    <ClCompile Include="source\editor\glossary.cpp" />
    <ClCompile Include="source\editor\edit_history.cpp" />
    <ClCompile Include="source\editor\find_replace.cpp" />
    <ClCompile Include="source\editor\operation_executor.cpp" />
    <ClCompile Include="source\highlighter\grammar_checker.cpp" />
    <ClCompile Include="source\dialog\find_replace_dialog.cpp" />
    <ClCompile Include="source\dialog\dict_selection_dialog.cpp" />
    <ClCompile Include="source\dialog\merge_dialog.cpp" />
    <ClCompile Include="source\dialog\make_base_dialog.cpp" />
    <ClCompile Include="source\dialog\first_run_dialog.cpp" />
    <ClCompile Include="source\dialog\settings\translator_settings_dialog.cpp" />
    <ClCompile Include="source\dialog\settings\language_settings_view.cpp" />
    <ClCompile Include="source\dialog\settings\translation_settings_view.cpp" />
    <ClCompile Include="source\dialog\spell_context_menu.cpp" />
    <ClCompile Include="source\dialog\settings\shortcuts_settings_view.cpp" />
    <ClCompile Include="source\dialog\settings\appearance_settings_view.cpp" />
    <ClCompile Include="source\highlighter\script_tokenizer.cpp" />
    <ClCompile Include="source\highlighter\editor_highlighter.cpp" />
    <ClCompile Include="source\highlighter\glossary_highlighter.cpp" />
    <ClCompile Include="source\highlighter\topic_highlighter.cpp" />
    <ClCompile Include="source\translator\ctranslate2_translator.cpp" />
    <ClCompile Include="source\translator\web_translator.cpp" />
    <ClCompile Include="source\translator\web_translator_config.cpp" />
    <ClCompile Include="source\editor\spell_checker.cpp" />
    <ClCompile Include="source\view\display_name.cpp" />
    <ClCompile Include="source\highlighter\highlight_coordinator.cpp" />
    <ClCompile Include="source\session\workspace_watcher.cpp" />
    <ClCompile Include="source\session\sidebar_controller.cpp" />
    <ClCompile Include="source\session\plugin_operations_controller.cpp" />
    <ClCompile Include="source\session\dict_operations_controller.cpp" />
    <ClCompile Include="source\session\shortcuts_controller.cpp" />
    <ClCompile Include="source\highlighter\highlight_applier.cpp" />
    <ClCompile Include="..\yampt.core\source\utility\keyword_trie.cpp" />
    <ClCompile Include="..\yampt.core\source\utility\char_diff.cpp" />
    <ClCompile Include="..\yampt.core\source\io\dict_reader.cpp" />
    <ClCompile Include="..\yampt.core\source\io\dict_writer.cpp" />
    <ClCompile Include="..\yampt.core\source\io\codepage.cpp" />
    <ClCompile Include="..\yampt.core\source\io\esm_reader.cpp" />
    <ClCompile Include="..\yampt.core\source\io\file_list.cpp" />
    <ClCompile Include="..\yampt.core\source\merger\dict_merger.cpp" />
    <ClCompile Include="..\yampt.core\source\creator\dict_creator.cpp" />
    <ClCompile Include="..\yampt.core\source\converter\esm_converter.cpp" />
    <ClCompile Include="..\yampt.core\source\converter\script_parser.cpp" />
    <ClCompile Include="..\yampt.core\source\converter\scdt_patcher.cpp" />
    <ClCompile Include="..\yampt.core\source\translator\translation_engine.cpp" />
    <ClCompile Include="..\yampt.core\source\decoder\sub_record_schema.cpp" />
    <ClCompile Include="..\yampt.core\source\scanner\plugin_index.cpp" />
    <ClCompile Include="..\yampt.core\source\scanner\plugin_scan.cpp" />
    <ClCompile Include="..\yampt.core\source\scanner\record_conflict.cpp" />
    <ClCompile Include="..\yampt.core\source\decoder\conflict_slots.cpp" />
    <ClCompile Include="..\yampt.core\source\decoder\view_tree_format.cpp" />
  </ItemGroup>
  <ItemGroup>
    <ClInclude Include="source\dialog\settings\translator_settings_dialog.hpp" />
    <ClInclude Include="source\dialog\settings\language_settings_view.hpp" />
    <ClInclude Include="source\dialog\settings\translation_settings_view.hpp" />
    <ClInclude Include="source\dialog\settings\shortcuts_settings_view.hpp" />
    <ClInclude Include="source\dialog\settings\appearance_settings_view.hpp" />
    <ClInclude Include="source\highlighter\highlight_coordinator.hpp" />
    <ClInclude Include="source\highlighter\highlight_applier.hpp" />
  </ItemGroup>
</Project>
