<?xml version="1.0" encoding="utf-8"?>
<Project ToolsVersion="4.0" xmlns="http://schemas.microsoft.com/developer/msbuild/2003">
  <ItemGroup>
    <Filter Include="yampt">
      <UniqueIdentifier>{A1000001-0000-0000-0000-000000000001}</UniqueIdentifier>
    </Filter>
    <Filter Include="external">
      <UniqueIdentifier>{A1000002-0000-0000-0000-000000000002}</UniqueIdentifier>
    </Filter>
  </ItemGroup>
  <ItemGroup>
    <ClCompile Include="main.cpp" />
    <ClCompile Include="main_window.cpp" />
    <ClCompile Include="editor_config.cpp" />
    <ClCompile Include="search_manager.cpp" />
    <ClCompile Include="validation_manager.cpp" />
    <ClCompile Include="history_manager.cpp" />
    <ClCompile Include="syntax_highlighter.cpp" />
    <ClCompile Include="composite_highlighter.cpp" />
    <ClCompile Include="annotation_manager.cpp" />
    <ClCompile Include="annotation_highlighter.cpp" />
    <ClCompile Include="..\yampt\codepage.cpp">
      <Filter>yampt</Filter>
    </ClCompile>
    <ClCompile Include="spell_checker.cpp" />
    <ClCompile Include="spell_context_menu.cpp" />
    <ClCompile Include="filter_tree.cpp" />
    <ClCompile Include="status_filter_bar.cpp" />
    <ClCompile Include="editor_text_edit.cpp" />
    <ClCompile Include="editor_panel.cpp" />
    <ClCompile Include="line_number_gutter.cpp" />
    <ClCompile Include="record_table_model.cpp" />
    <ClCompile Include="record_table_view.cpp" />
    <ClCompile Include="validation_indicator.cpp" />
    <ClCompile Include="hyperlink_highlighter.cpp" />
    <ClCompile Include="book_preview.cpp" />
    <ClCompile Include="sidebar_widget.cpp" />
    <ClCompile Include="annotations_panel.cpp" />
    <ClCompile Include="history_panel.cpp" />
    <ClCompile Include="grammar_checker.cpp" />
    <ClCompile Include="search_engine.cpp" />
    <ClCompile Include="find_replace_dialog.cpp" />
    <ClCompile Include="yaml_l10n_reader.cpp" />
    <ClCompile Include="yaml_l10n_writer.cpp" />
    <ClCompile Include="table_builder.cpp" />
    <ClCompile Include="table_display.cpp" />
    <ClCompile Include="find_replace_service.cpp" />
    <ClCompile Include="editor_controller.cpp" />
    <ClCompile Include="session.cpp" />
    <ClCompile Include="sidebar_model.cpp" />
    <ClCompile Include="display_name.cpp" />
    <ClCompile Include="translation_suggestion_tab.cpp" />
    <ClCompile Include="ctranslate2_provider.cpp" />
    <ClCompile Include="deepl_provider.cpp" />
    <ClCompile Include="google_provider.cpp" />
    <ClCompile Include="first_run_dialog.cpp" />
    <ClCompile Include="..\yampt\translation_engine.cpp">
      <Filter>yampt</Filter>
    </ClCompile>
    <ClCompile Include="..\yampt\file_list.cpp">
      <Filter>yampt</Filter>
    </ClCompile>
    <ClCompile Include="..\yampt\tools.cpp">
      <Filter>yampt</Filter>
    </ClCompile>
    <ClCompile Include="..\yampt\dict_reader.cpp">
      <Filter>yampt</Filter>
    </ClCompile>
    <ClCompile Include="..\yampt\dict_writer.cpp">
      <Filter>yampt</Filter>
    </ClCompile>
    <ClCompile Include="..\yampt\dict_creator.cpp">
      <Filter>yampt</Filter>
    </ClCompile>
    <ClCompile Include="..\yampt\dict_creator_single.cpp">
      <Filter>yampt</Filter>
    </ClCompile>
    <ClCompile Include="..\yampt\dict_creator_base.cpp">
      <Filter>yampt</Filter>
    </ClCompile>
    <ClCompile Include="..\yampt\dict_creator_base_ordered.cpp">
      <Filter>yampt</Filter>
    </ClCompile>
    <ClCompile Include="..\yampt\esm_reader.cpp">
      <Filter>yampt</Filter>
    </ClCompile>
    <ClCompile Include="..\yampt\esm_converter.cpp">
      <Filter>yampt</Filter>
    </ClCompile>
    <ClCompile Include="..\yampt\script_parser.cpp">
      <Filter>yampt</Filter>
    </ClCompile>
    <ClCompile Include="..\yampt\plugin_scan\sub_record_schema.cpp">
      <Filter>yampt</Filter>
    </ClCompile>
    <ClCompile Include="..\yampt\plugin_scan\plugin_index.cpp">
      <Filter>yampt</Filter>
    </ClCompile>
    <ClCompile Include="..\yampt\plugin_scan\plugin_scan.cpp">
      <Filter>yampt</Filter>
    </ClCompile>
    <ClCompile Include="..\yampt\dict_merger.cpp" />
    <ClCompile Include="log_tab.cpp" />
    <ClCompile Include="dict_selection_dialog.cpp" />
    <ClCompile Include="operation_executor.cpp" />
    <ClCompile Include="dict_document.cpp" />
    <ClCompile Include="yaml_document.cpp" />
    <ClCompile Include="model_downloader.cpp" />
    <ClCompile Include="$(IntDir)moc_main_window.cpp" />
    <ClCompile Include="$(IntDir)moc_record_table_model.cpp" />
    <ClCompile Include="$(IntDir)moc_editor_text_edit.cpp" />
    <ClCompile Include="$(IntDir)moc_editor_panel.cpp" />
    <ClCompile Include="$(IntDir)moc_filter_tree.cpp" />
    <ClCompile Include="$(IntDir)moc_status_filter_bar.cpp" />
    <ClCompile Include="$(IntDir)moc_record_table_view.cpp" />
    <ClCompile Include="$(IntDir)moc_composite_highlighter.cpp" />
    <ClCompile Include="$(IntDir)moc_validation_indicator.cpp" />
    <ClCompile Include="$(IntDir)moc_annotation_highlighter.cpp" />
    <ClCompile Include="$(IntDir)moc_hyperlink_highlighter.cpp" />
    <ClCompile Include="$(IntDir)moc_book_preview.cpp" />
    <ClCompile Include="$(IntDir)moc_sidebar_widget.cpp" />
    <ClCompile Include="$(IntDir)moc_annotations_panel.cpp" />
    <ClCompile Include="$(IntDir)moc_history_panel.cpp" />
    <ClCompile Include="$(IntDir)moc_log_tab.cpp" />
    <ClCompile Include="$(IntDir)moc_dict_selection_dialog.cpp" />
    <ClCompile Include="$(IntDir)moc_line_number_gutter.cpp" />
    <ClCompile Include="$(IntDir)moc_first_run_dialog.cpp" />
    <ClCompile Include="$(IntDir)moc_find_replace_dialog.cpp" />
    <ClCompile Include="$(IntDir)moc_translation_suggestion_tab.cpp" />
    <ClCompile Include="$(IntDir)moc_ctranslate2_provider.cpp" />
    <ClCompile Include="$(IntDir)moc_deepl_provider.cpp" />
    <ClCompile Include="$(IntDir)moc_google_provider.cpp" />
    <ClCompile Include="$(IntDir)moc_model_downloader.cpp" />
  </ItemGroup>
  <ItemGroup>
    <ClInclude Include="spell_context_menu.hpp" />
    <ClInclude Include="..\yampt\translation_engine.hpp">
      <Filter>yampt</Filter>
    </ClInclude>
    <ClInclude Include="..\yampt\file_list.hpp">
      <Filter>yampt</Filter>
    </ClInclude>
    <ClInclude Include="..\yampt\tools.hpp">
      <Filter>yampt</Filter>
    </ClInclude>
    <ClInclude Include="..\yampt\codepage.hpp">
      <Filter>yampt</Filter>
    </ClInclude>
    <ClInclude Include="..\yampt\dict_kind.hpp">
      <Filter>yampt</Filter>
    </ClInclude>
    <ClInclude Include="..\yampt\dict_reader.hpp">
      <Filter>yampt</Filter>
    </ClInclude>
    <ClInclude Include="..\yampt\dict_writer.hpp">
      <Filter>yampt</Filter>
    </ClInclude>
    <ClInclude Include="..\yampt\dict_creator.hpp">
      <Filter>yampt</Filter>
    </ClInclude>
    <ClInclude Include="..\yampt\esm_reader.hpp">
      <Filter>yampt</Filter>
    </ClInclude>
    <ClInclude Include="..\yampt\esm_converter.hpp">
      <Filter>yampt</Filter>
    </ClInclude>
    <ClInclude Include="..\yampt\script_parser.hpp">
      <Filter>yampt</Filter>
    </ClInclude>
    <ClInclude Include="..\yampt\includes.hpp">
      <Filter>yampt</Filter>
    </ClInclude>
    <ClInclude Include="..\yampt\json_reader.hpp">
      <Filter>yampt</Filter>
    </ClInclude>
    <ClInclude Include="..\yampt\plugin_scan\conflict_types.hpp">
      <Filter>yampt</Filter>
    </ClInclude>
    <ClInclude Include="..\yampt\plugin_scan\sub_record_iter.hpp">
      <Filter>yampt</Filter>
    </ClInclude>
    <ClInclude Include="..\yampt\plugin_scan\sub_record_schema.hpp">
      <Filter>yampt</Filter>
    </ClInclude>
    <ClInclude Include="..\yampt\plugin_scan\plugin_index.hpp">
      <Filter>yampt</Filter>
    </ClInclude>
    <ClInclude Include="..\yampt\plugin_scan\plugin_scan.hpp">
      <Filter>yampt</Filter>
    </ClInclude>
    <ClInclude Include="grammar_checker.hpp" />
    <ClInclude Include="search_engine.hpp" />
    <ClInclude Include="yaml_l10n_reader.hpp" />
    <ClInclude Include="yaml_l10n_writer.hpp" />
    <ClInclude Include="table_builder.hpp" />
    <ClInclude Include="table_display.hpp" />
    <ClInclude Include="find_replace_service.hpp" />
    <ClInclude Include="editor_controller.hpp" />
    <ClInclude Include="sidebar_model.hpp" />
    <ClInclude Include="display_name.hpp" />
    <ClInclude Include="translation_provider.hpp" />
    <ClInclude Include="session.hpp" />
    <ClInclude Include="document.hpp" />
    <ClInclude Include="dict_document.hpp" />
    <ClInclude Include="plugin_document.hpp" />
    <ClInclude Include="yaml_document.hpp" />
    <ClInclude Include="table_row.hpp" />
  </ItemGroup>
  <ItemGroup>
    <CustomBuild Include="main_window.hpp" />
    <CustomBuild Include="editor_text_edit.hpp" />
    <CustomBuild Include="editor_panel.hpp" />
    <CustomBuild Include="filter_tree.hpp" />
    <CustomBuild Include="status_filter_bar.hpp" />
    <CustomBuild Include="record_table_model.hpp" />
    <CustomBuild Include="record_table_view.hpp" />
    <CustomBuild Include="composite_highlighter.hpp" />
    <CustomBuild Include="validation_indicator.hpp" />
    <CustomBuild Include="annotation_highlighter.hpp" />
    <CustomBuild Include="book_preview.hpp" />
    <CustomBuild Include="sidebar_widget.hpp" />
    <CustomBuild Include="annotations_panel.hpp" />
    <CustomBuild Include="history_panel.hpp" />
    <CustomBuild Include="line_number_gutter.hpp" />
    <CustomBuild Include="first_run_dialog.hpp" />
    <CustomBuild Include="find_replace_dialog.hpp" />
    <CustomBuild Include="hyperlink_highlighter.hpp" />
    <CustomBuild Include="log_tab.hpp" />
    <CustomBuild Include="dict_selection_dialog.hpp" />
    <CustomBuild Include="translation_suggestion_tab.hpp" />
    <CustomBuild Include="ctranslate2_provider.hpp" />
    <CustomBuild Include="deepl_provider.hpp" />
    <CustomBuild Include="google_provider.hpp" />
    <CustomBuild Include="model_downloader.hpp" />
  </ItemGroup>
</Project>