<?xml version="1.0" encoding="utf-8"?>
<Project ToolsVersion="4.0" xmlns="http://schemas.microsoft.com/developer/msbuild/2003">
  <ItemGroup>
    <Filter Include="yampt">
      <UniqueIdentifier>{B2000001-0000-0000-0000-000000000001}</UniqueIdentifier>
    </Filter>
    <Filter Include="external">
      <UniqueIdentifier>{B2000003-0000-0000-0000-000000000003}</UniqueIdentifier>
    </Filter>
  </ItemGroup>
  <ItemGroup>
    <ClCompile Include="main.cpp" />
    <ClCompile Include="editor_window.cpp" />
    <ClCompile Include="editor_tab.cpp" />
    <ClCompile Include="nav_tree_model.cpp" />
    <ClCompile Include="view_tree_model.cpp" />
    <ClCompile Include="view_tree_format.cpp" />
    <ClCompile Include="plugin_select_dialog.cpp" />
    <ClCompile Include="filter_dialog.cpp" />
    <ClCompile Include="messages_panel.cpp" />
    <ClCompile Include="..\yampt\tools.cpp">
      <Filter>yampt</Filter>
    </ClCompile>
    <ClCompile Include="..\yampt\esm_reader.cpp">
      <Filter>yampt</Filter>
    </ClCompile>
    <ClCompile Include="..\yampt\codepage.cpp">
      <Filter>yampt</Filter>
    </ClCompile>
    <ClCompile Include="..\yampt\file_list.cpp">
      <Filter>yampt</Filter>
    </ClCompile>
    <ClCompile Include="..\yampt\plugin_scan\sub_record_schema.cpp">
      <Filter>yampt</Filter>
    </ClCompile>
    <ClCompile Include="..\yampt\plugin_scan\plugin_index.cpp">
      <Filter>yampt</Filter>
    </ClCompile>
    <ClCompile Include="..\yampt\plugin_scan\plugin_scan.cpp">
      <Filter>yampt</Filter>
    </ClCompile>
    <ClCompile Include="..\yampt\plugin_scan\conflict_compute.cpp">
      <Filter>yampt</Filter>
    </ClCompile>
    <ClCompile Include="$(IntDir)moc_editor_window.cpp" />
    <ClCompile Include="$(IntDir)moc_editor_tab.cpp" />
    <ClCompile Include="$(IntDir)moc_nav_tree_model.cpp" />
    <ClCompile Include="$(IntDir)moc_view_tree_model.cpp" />
    <ClCompile Include="$(IntDir)moc_plugin_select_dialog.cpp" />
    <ClCompile Include="$(IntDir)moc_filter_dialog.cpp" />
    <ClCompile Include="$(IntDir)moc_messages_panel.cpp" />
  </ItemGroup>
  <ItemGroup>
    <ClInclude Include="view_tree_format.hpp" />
    <ClInclude Include="..\yampt\tools.hpp">
      <Filter>yampt</Filter>
    </ClInclude>
    <ClInclude Include="..\yampt\codepage.hpp">
      <Filter>yampt</Filter>
    </ClInclude>
    <ClInclude Include="..\yampt\esm_reader.hpp">
      <Filter>yampt</Filter>
    </ClInclude>
    <ClInclude Include="..\yampt\includes.hpp">
      <Filter>yampt</Filter>
    </ClInclude>
    <ClInclude Include="..\yampt\file_list.hpp">
      <Filter>yampt</Filter>
    </ClInclude>
    <ClInclude Include="..\yampt\plugin_scan\conflict_enums.hpp">
      <Filter>yampt</Filter>
    </ClInclude>
    <ClInclude Include="..\yampt\plugin_scan\conflict_types.hpp">
      <Filter>yampt</Filter>
    </ClInclude>
    <ClInclude Include="..\yampt\plugin_scan\sub_record_iter.hpp">
      <Filter>yampt</Filter>
    </ClInclude>
    <ClInclude Include="..\yampt\plugin_scan\sub_record_schema.hpp">
      <Filter>yampt</Filter>
    </ClInclude>
    <ClInclude Include="..\yampt\plugin_scan\plugin_index.hpp">
      <Filter>yampt</Filter>
    </ClInclude>
    <ClInclude Include="..\yampt\plugin_scan\plugin_scan.hpp">
      <Filter>yampt</Filter>
    </ClInclude>
    <ClInclude Include="..\yampt\plugin_scan\conflict_compute.hpp">
      <Filter>yampt</Filter>
    </ClInclude>
  </ItemGroup>
  <ItemGroup>
    <CustomBuild Include="editor_window.hpp" />
    <CustomBuild Include="editor_tab.hpp" />
    <CustomBuild Include="nav_tree_model.hpp" />
    <CustomBuild Include="view_tree_model.hpp" />
    <CustomBuild Include="plugin_select_dialog.hpp" />
    <CustomBuild Include="filter_dialog.hpp" />
    <CustomBuild Include="messages_panel.hpp" />
  </ItemGroup>
</Project>