<?xml version="1.0" encoding="utf-8"?>
<Project ToolsVersion="4.0" xmlns="http://schemas.microsoft.com/developer/msbuild/2003">
  <ItemGroup>
    <ClCompile Include="user_interface.cpp" />
    <ClCompile Include="dict_creator.cpp" />
    <ClCompile Include="dict_merger.cpp" />
    <ClCompile Include="dict_reader.cpp" />
    <ClCompile Include="esm_converter.cpp" />
    <ClCompile Include="esm_reader.cpp" />
    <ClCompile Include="main.cpp" />
    <ClCompile Include="tools.cpp" />
    <ClCompile Include="script_parser.cpp" />
    <ClCompile Include="dict_writer.cpp" />
  </ItemGroup>
  <ItemGroup>
    <ClInclude Include="user_interface.hpp" />
    <ClInclude Include="dict_creator.hpp" />
    <ClInclude Include="dict_merger.hpp" />
    <ClInclude Include="dict_reader.hpp" />
    <ClInclude Include="esm_converter.hpp" />
    <ClInclude Include="esm_reader.hpp" />
    <ClInclude Include="includes.hpp" />
    <ClInclude Include="tools.hpp" />
    <ClInclude Include="script_parser.hpp" />
    <ClInclude Include="dict_writer.hpp" />
  </ItemGroup>
</Project>