<?xml version="1.0" encoding="utf-8"?>
<Project ToolsVersion="4.0" xmlns="http://schemas.microsoft.com/developer/msbuild/2003">
  <ItemGroup>
    <ClCompile Include="source\main.cpp" />
    <ClCompile Include="source\interface\user_interface.cpp" />
    <ClCompile Include="source\io\app_settings.cpp" />
  </ItemGroup>
  <ItemGroup>
    <ClInclude Include="source\interface\user_interface.hpp" />
    <ClInclude Include="source\io\app_settings.hpp" />
  </ItemGroup>
</Project>
